// !$*UTF8*$!
{
	archiveVersion = 1;
	classes = {
	};
	objectVersion = 50;
	objects = {

/* Begin PBXBuildFile section */
		5B8A568725A2010C00251AAC /* CupcakeCornerApp.swift in Sources */ = {isa = PBXBuildFile; fileRef = 5B8A567425A2010400251AAC /* CupcakeCornerApp.swift */; };
		5B8A568825A2010C00251AAC /* CupcakeCornerApp.swift in Sources */ = {isa = PBXBuildFile; fileRef = 5B8A567425A2010400251AAC /* CupcakeCornerApp.swift */; };
		5B8A568925A2010C00251AAC /* ContentView.swift in Sources */ = {isa = PBXBuildFile; fileRef = 5B8A567525A2010400251AAC /* ContentView.swift */; };
		5B8A568A25A2010C00251AAC /* ContentView.swift in Sources */ = {isa = PBXBuildFile; fileRef = 5B8A567525A2010400251AAC /* ContentView.swift */; };
		5B8A568B25A2010C00251AAC /* Assets.xcassets in Resources */ = {isa = PBXBuildFile; fileRef = 5B8A567625A2010C00251AAC /* Assets.xcassets */; };
		5B8A568C25A2010C00251AAC /* Assets.xcassets in Resources */ = {isa = PBXBuildFile; fileRef = 5B8A567625A2010C00251AAC /* Assets.xcassets */; };
		5B8A569825A2117D00251AAC /* Order.swift in Sources */ = {isa = PBXBuildFile; fileRef = 5B8A569725A2117D00251AAC /* Order.swift */; };
		5B8A569925A2117D00251AAC /* Order.swift in Sources */ = {isa = PBXBuildFile; fileRef = 5B8A569725A2117D00251AAC /* Order.swift */; };
		5B8A56B925A2165300251AAC /* AddressView.swift in Sources */ = {isa = PBXBuildFile; fileRef = 5B8A56B825A2165300251AAC /* AddressView.swift */; };
		5B8A56BA25A2165300251AAC /* AddressView.swift in Sources */ = {isa = PBXBuildFile; fileRef = 5B8A56B825A2165300251AAC /* AddressView.swift */; };
		5B8A56BE25A216D200251AAC /* CheckoutView.swift in Sources */ = {isa = PBXBuildFile; fileRef = 5B8A56BD25A216D200251AAC /* CheckoutView.swift */; };
		5B8A56BF25A216D200251AAC /* CheckoutView.swift in Sources */ = {isa = PBXBuildFile; fileRef = 5B8A56BD25A216D200251AAC /* CheckoutView.swift */; };
/* End PBXBuildFile section */

/* Begin PBXFileReference section */
		5B8A567425A2010400251AAC /* CupcakeCornerApp.swift */ = {isa = PBXFileReference; lastKnownFileType = sourcecode.swift; path = CupcakeCornerApp.swift; sourceTree = "<group>"; };
		5B8A567525A2010400251AAC /* ContentView.swift */ = {isa = PBXFileReference; lastKnownFileType = sourcecode.swift; path = ContentView.swift; sourceTree = "<group>"; };
		5B8A567625A2010C00251AAC /* Assets.xcassets */ = {isa = PBXFileReference; lastKnownFileType = folder.assetcatalog; path = Assets.xcassets; sourceTree = "<group>"; };
		5B8A567B25A2010C00251AAC /* CupcakeCorner.app */ = {isa = PBXFileReference; explicitFileType = wrapper.application; includeInIndex = 0; path = CupcakeCorner.app; sourceTree = BUILT_PRODUCTS_DIR; };
		5B8A567E25A2010C00251AAC /* Info.plist */ = {isa = PBXFileReference; lastKnownFileType = text.plist.xml; path = Info.plist; sourceTree = "<group>"; };
		5B8A568325A2010C00251AAC /* CupcakeCorner.app */ = {isa = PBXFileReference; explicitFileType = wrapper.application; includeInIndex = 0; path = CupcakeCorner.app; sourceTree = BUILT_PRODUCTS_DIR; };
		5B8A568525A2010C00251AAC /* Info.plist */ = {isa = PBXFileReference; lastKnownFileType = text.plist.xml; path = Info.plist; sourceTree = "<group>"; };
		5B8A568625A2010C00251AAC /* macOS.entitlements */ = {isa = PBXFileReference; lastKnownFileType = text.plist.entitlements; path = macOS.entitlements; sourceTree = "<group>"; };
		5B8A569725A2117D00251AAC /* Order.swift */ = {isa = PBXFileReference; lastKnownFileType = sourcecode.swift; path = Order.swift; sourceTree = "<group>"; };
		5B8A56B825A2165300251AAC /* AddressView.swift */ = {isa = PBXFileReference; lastKnownFileType = sourcecode.swift; path = AddressView.swift; sourceTree = "<group>"; };
		5B8A56BD25A216D200251AAC /* CheckoutView.swift */ = {isa = PBXFileReference; lastKnownFileType = sourcecode.swift; path = CheckoutView.swift; sourceTree = "<group>"; };
/* End PBXFileReference section */

/* Begin PBXFrameworksBuildPhase section */
		5B8A567825A2010C00251AAC /* Frameworks */ = {
			isa = PBXFrameworksBuildPhase;
			buildActionMask = 2147483647;
			files = (
			);
			runOnlyForDeploymentPostprocessing = 0;
		};
		5B8A568025A2010C00251AAC /* Frameworks */ = {
			isa = PBXFrameworksBuildPhase;
			buildActionMask = 2147483647;
			files = (
			);
			runOnlyForDeploymentPostprocessing = 0;
		};
/* End PBXFrameworksBuildPhase section */

/* Begin PBXGroup section */
		5B8A566E25A2010400251AAC = {
			isa = PBXGroup;
			children = (
				5B8A567325A2010400251AAC /* Shared */,
				5B8A567D25A2010C00251AAC /* iOS */,
				5B8A568425A2010C00251AAC /* macOS */,
				5B8A567C25A2010C00251AAC /* Products */,
			);
			sourceTree = "<group>";
		};
		5B8A567325A2010400251AAC /* Shared */ = {
			isa = PBXGroup;
			children = (
				5B8A567425A2010400251AAC /* CupcakeCornerApp.swift */,
				5B8A567525A2010400251AAC /* ContentView.swift */,
				5B8A567625A2010C00251AAC /* Assets.xcassets */,
				5B8A569725A2117D00251AAC /* Order.swift */,
				5B8A56B825A2165300251AAC /* AddressView.swift */,
				5B8A56BD25A216D200251AAC /* CheckoutView.swift */,
			);
			path = Shared;
			sourceTree = "<group>";
		};
		5B8A567C25A2010C00251AAC /* Products */ = {
			isa = PBXGroup;
			children = (
				5B8A567B25A2010C00251AAC /* CupcakeCorner.app */,
				5B8A568325A2010C00251AAC /* CupcakeCorner.app */,
			);
			name = Products;
			sourceTree = "<group>";
		};
		5B8A567D25A2010C00251AAC /* iOS */ = {
			isa = PBXGroup;
			children = (
				5B8A567E25A2010C00251AAC /* Info.plist */,
			);
			path = iOS;
			sourceTree = "<group>";
		};
		5B8A568425A2010C00251AAC /* macOS */ = {
			isa = PBXGroup;
			children = (
				5B8A568525A2010C00251AAC /* Info.plist */,
				5B8A568625A2010C00251AAC /* macOS.entitlements */,
			);
			path = macOS;
			sourceTree = "<group>";
		};
/* End PBXGroup section */

/* Begin PBXNativeTarget section */
		5B8A567A25A2010C00251AAC /* CupcakeCorner (iOS) */ = {
			isa = PBXNativeTarget;
			buildConfigurationList = 5B8A568F25A2010C00251AAC /* Build configuration list for PBXNativeTarget "CupcakeCorner (iOS)" */;
			buildPhases = (
				5B8A567725A2010C00251AAC /* Sources */,
				5B8A567825A2010C00251AAC /* Frameworks */,
				5B8A567925A2010C00251AAC /* Resources */,
			);
			buildRules = (
			);
			dependencies = (
			);
			name = "CupcakeCorner (iOS)";
			productName = "CupcakeCorner (iOS)";
			productReference = 5B8A567B25A2010C00251AAC /* CupcakeCorner.app */;
			productType = "com.apple.product-type.application";
		};
		5B8A568225A2010C00251AAC /* CupcakeCorner (macOS) */ = {
			isa = PBXNativeTarget;
			buildConfigurationList = 5B8A569225A2010C00251AAC /* Build configuration list for PBXNativeTarget "CupcakeCorner (macOS)" */;
			buildPhases = (
				5B8A567F25A2010C00251AAC /* Sources */,
				5B8A568025A2010C00251AAC /* Frameworks */,
				5B8A568125A2010C00251AAC /* Resources */,
			);
			buildRules = (
			);
			dependencies = (
			);
			name = "CupcakeCorner (macOS)";
			productName = "CupcakeCorner (macOS)";
			productReference = 5B8A568325A2010C00251AAC /* CupcakeCorner.app */;
			productType = "com.apple.product-type.application";
		};
/* End PBXNativeTarget section */

/* Begin PBXProject section */
		5B8A566F25A2010400251AAC /* Project object */ = {
			isa = PBXProject;
			attributes = {
				LastSwiftUpdateCheck = 1230;
				LastUpgradeCheck = 1230;
				TargetAttributes = {
					5B8A567A25A2010C00251AAC = {
						CreatedOnToolsVersion = 12.3;
					};
					5B8A568225A2010C00251AAC = {
						CreatedOnToolsVersion = 12.3;
					};
				};
			};
			buildConfigurationList = 5B8A567225A2010400251AAC /* Build configuration list for PBXProject "CupcakeCorner" */;
			compatibilityVersion = "Xcode 9.3";
			developmentRegion = en;
			hasScannedForEncodings = 0;
			knownRegions = (
				en,
				Base,
			);
			mainGroup = 5B8A566E25A2010400251AAC;
			productRefGroup = 5B8A567C25A2010C00251AAC /* Products */;
			projectDirPath = "";
			projectRoot = "";
			targets = (
				5B8A567A25A2010C00251AAC /* CupcakeCorner (iOS) */,
				5B8A568225A2010C00251AAC /* CupcakeCorner (macOS) */,
			);
		};
/* End PBXProject section */

/* Begin PBXResourcesBuildPhase section */
		5B8A567925A2010C00251AAC /* Resources */ = {
			isa = PBXResourcesBuildPhase;
			buildActionMask = 2147483647;
			files = (
				5B8A568B25A2010C00251AAC /* Assets.xcassets in Resources */,
			);
			runOnlyForDeploymentPostprocessing = 0;
		};
		5B8A568125A2010C00251AAC /* Resources */ = {
			isa = PBXResourcesBuildPhase;
			buildActionMask = 2147483647;
			files = (
				5B8A568C25A2010C00251AAC /* Assets.xcassets in Resources */,
			);
			runOnlyForDeploymentPostprocessing = 0;
		};
/* End PBXResourcesBuildPhase section */

/* Begin PBXSourcesBuildPhase section */
		5B8A567725A2010C00251AAC /* Sources */ = {
			isa = PBXSourcesBuildPhase;
			buildActionMask = 2147483647;
			files = (
				5B8A569825A2117D00251AAC /* Order.swift in Sources */,
				5B8A56B925A2165300251AAC /* AddressView.swift in Sources */,
				5B8A56BE25A216D200251AAC /* CheckoutView.swift in Sources */,
				5B8A568925A2010C00251AAC /* ContentView.swift in Sources */,
				5B8A568725A2010C00251AAC /* CupcakeCornerApp.swift in Sources */,
			);
			runOnlyForDeploymentPostprocessing = 0;
		};
		5B8A567F25A2010C00251AAC /* Sources */ = {
			isa = PBXSourcesBuildPhase;
			buildActionMask = 2147483647;
			files = (
				5B8A569925A2117D00251AAC /* Order.swift in Sources */,
				5B8A56BA25A2165300251AAC /* AddressView.swift in Sources */,
				5B8A56BF25A216D200251AAC /* CheckoutView.swift in Sources */,
				5B8A568A25A2010C00251AAC /* ContentView.swift in Sources */,
				5B8A568825A2010C00251AAC /* CupcakeCornerApp.swift in Sources */,
			);
			runOnlyForDeploymentPostprocessing = 0;
		};
/* End PBXSourcesBuildPhase section */

/* Begin XCBuildConfiguration section */
		5B8A568D25A2010C00251AAC /* Debug */ = {
			isa = XCBuildConfiguration;
			buildSettings = {
				ALWAYS_SEARCH_USER_PATHS = NO;
				CLANG_ANALYZER_NONNULL = YES;
				CLANG_ANALYZER_NUMBER_OBJECT_CONVERSION = YES_AGGRESSIVE;
				CLANG_CXX_LANGUAGE_STANDARD = "gnu++14";
				CLANG_CXX_LIBRARY = "libc++";
				CLANG_ENABLE_MODULES = YES;
				CLANG_ENABLE_OBJC_ARC = YES;
				CLANG_ENABLE_OBJC_WEAK = YES;
				CLANG_WARN_BLOCK_CAPTURE_AUTORELEASING = YES;
				CLANG_WARN_BOOL_CONVERSION = YES;
				CLANG_WARN_COMMA = YES;
				CLANG_WARN_CONSTANT_CONVERSION = YES;
				CLANG_WARN_DEPRECATED_OBJC_IMPLEMENTATIONS = YES;
				CLANG_WARN_DIRECT_OBJC_ISA_USAGE = YES_ERROR;
				CLANG_WARN_DOCUMENTATION_COMMENTS = YES;
				CLANG_WARN_EMPTY_BODY = YES;
				CLANG_WARN_ENUM_CONVERSION = YES;
				CLANG_WARN_INFINITE_RECURSION = YES;
				CLANG_WARN_INT_CONVERSION = YES;
				CLANG_WARN_NON_LITERAL_NULL_CONVERSION = YES;
				CLANG_WARN_OBJC_IMPLICIT_RETAIN_SELF = YES;
				CLANG_WARN_OBJC_LITERAL_CONVERSION = YES;
				CLANG_WARN_OBJC_ROOT_CLASS = YES_ERROR;
				CLANG_WARN_QUOTED_INCLUDE_IN_FRAMEWORK_HEADER = YES;
				CLANG_WARN_RANGE_LOOP_ANALYSIS = YES;
				CLANG_WARN_STRICT_PROTOTYPES = YES;
				CLANG_WARN_SUSPICIOUS_MOVE = YES;
				CLANG_WARN_UNGUARDED_AVAILABILITY = YES_AGGRESSIVE;
				CLANG_WARN_UNREACHABLE_CODE = YES;
				CLANG_WARN__DUPLICATE_METHOD_MATCH = YES;
				COPY_PHASE_STRIP = NO;
				DEBUG_INFORMATION_FORMAT = dwarf;
				ENABLE_STRICT_OBJC_MSGSEND = YES;
				ENABLE_TESTABILITY = YES;
				GCC_C_LANGUAGE_STANDARD = gnu11;
				GCC_DYNAMIC_NO_PIC = NO;
				GCC_NO_COMMON_BLOCKS = YES;
				GCC_OPTIMIZATION_LEVEL = 0;
				GCC_PREPROCESSOR_DEFINITIONS = (
					"DEBUG=1",
					"$(inherited)",
				);
				GCC_WARN_64_TO_32_BIT_CONVERSION = YES;
				GCC_WARN_ABOUT_RETURN_TYPE = YES_ERROR;
				GCC_WARN_UNDECLARED_SELECTOR = YES;
				GCC_WARN_UNINITIALIZED_AUTOS = YES_AGGRESSIVE;
				GCC_WARN_UNUSED_FUNCTION = YES;
				GCC_WARN_UNUSED_VARIABLE = YES;
				MTL_ENABLE_DEBUG_INFO = INCLUDE_SOURCE;
				MTL_FAST_MATH = YES;
				ONLY_ACTIVE_ARCH = YES;
				SWIFT_ACTIVE_COMPILATION_CONDITIONS = DEBUG;
				SWIFT_OPTIMIZATION_LEVEL = "-Onone";
			};
			name = Debug;
		};
		5B8A568E25A2010C00251AAC /* Release */ = {
			isa = XCBuildConfiguration;
			buildSettings = {
				ALWAYS_SEARCH_USER_PATHS = NO;
				CLANG_ANALYZER_NONNULL = YES;
				CLANG_ANALYZER_NUMBER_OBJECT_CONVERSION = YES_AGGRESSIVE;
				CLANG_CXX_LANGUAGE_STANDARD = "gnu++14";
				CLANG_CXX_LIBRARY = "libc++";
				CLANG_ENABLE_MODULES = YES;
				CLANG_ENABLE_OBJC_ARC = YES;
				CLANG_ENABLE_OBJC_WEAK = YES;
				CLANG_WARN_BLOCK_CAPTURE_AUTORELEASING = YES;
				CLANG_WARN_BOOL_CONVERSION = YES;
				CLANG_WARN_COMMA = YES;
				CLANG_WARN_CONSTANT_CONVERSION = YES;
				CLANG_WARN_DEPRECATED_OBJC_IMPLEMENTATIONS = YES;
				CLANG_WARN_DIRECT_OBJC_ISA_USAGE = YES_ERROR;
				CLANG_WARN_DOCUMENTATION_COMMENTS = YES;
				CLANG_WARN_EMPTY_BODY = YES;
				CLANG_WARN_ENUM_CONVERSION = YES;
				CLANG_WARN_INFINITE_RECURSION = YES;
				CLANG_WARN_INT_CONVERSION = YES;
				CLANG_WARN_NON_LITERAL_NULL_CONVERSION = YES;
				CLANG_WARN_OBJC_IMPLICIT_RETAIN_SELF = YES;
				CLANG_WARN_OBJC_LITERAL_CONVERSION = YES;
				CLANG_WARN_OBJC_ROOT_CLASS = YES_ERROR;
				CLANG_WARN_QUOTED_INCLUDE_IN_FRAMEWORK_HEADER = YES;
				CLANG_WARN_RANGE_LOOP_ANALYSIS = YES;
				CLANG_WARN_STRICT_PROTOTYPES = YES;
				CLANG_WARN_SUSPICIOUS_MOVE = YES;
				CLANG_WARN_UNGUARDED_AVAILABILITY = YES_AGGRESSIVE;
				CLANG_WARN_UNREACHABLE_CODE = YES;
				CLANG_WARN__DUPLICATE_METHOD_MATCH = YES;
				COPY_PHASE_STRIP = NO;
				DEBUG_INFORMATION_FORMAT = "dwarf-with-dsym";
				ENABLE_NS_ASSERTIONS = NO;
				ENABLE_STRICT_OBJC_MSGSEND = YES;
				GCC_C_LANGUAGE_STANDARD = gnu11;
				GCC_NO_COMMON_BLOCKS = YES;
				GCC_WARN_64_TO_32_BIT_CONVERSION = YES;
				GCC_WARN_ABOUT_RETURN_TYPE = YES_ERROR;
				GCC_WARN_UNDECLARED_SELECTOR = YES;
				GCC_WARN_UNINITIALIZED_AUTOS = YES_AGGRESSIVE;
				GCC_WARN_UNUSED_FUNCTION = YES;
				GCC_WARN_UNUSED_VARIABLE = YES;
				MTL_ENABLE_DEBUG_INFO = NO;
				MTL_FAST_MATH = YES;
				SWIFT_COMPILATION_MODE = wholemodule;
				SWIFT_OPTIMIZATION_LEVEL = "-O";
			};
			name = Release;
		};
		5B8A569025A2010C00251AAC /* Debug */ = {
			isa = XCBuildConfiguration;
			buildSettings = {
				ASSETCATALOG_COMPILER_APPICON_NAME = AppIcon;
				ASSETCATALOG_COMPILER_GLOBAL_ACCENT_COLOR_NAME = AccentColor;
				CODE_SIGN_STYLE = Automatic;
				ENABLE_PREVIEWS = YES;
				INFOPLIST_FILE = iOS/Info.plist;
				IPHONEOS_DEPLOYMENT_TARGET = 14.0;
				LD_RUNPATH_SEARCH_PATHS = (
					"$(inherited)",
					"@executable_path/Frameworks",
				);
				PRODUCT_BUNDLE_IDENTIFIER = com.ishouldgotosleep.100daysSwiftUI.CupcakeCorner;
				PRODUCT_NAME = CupcakeCorner;
				SDKROOT = iphoneos;
				SWIFT_VERSION = 5.0;
				TARGETED_DEVICE_FAMILY = "1,2";
			};
			name = Debug;
		};
		5B8A569125A2010C00251AAC /* Release */ = {
			isa = XCBuildConfiguration;
			buildSettings = {
				ASSETCATALOG_COMPILER_APPICON_NAME = AppIcon;
				ASSETCATALOG_COMPILER_GLOBAL_ACCENT_COLOR_NAME = AccentColor;
				CODE_SIGN_STYLE = Automatic;
				ENABLE_PREVIEWS = YES;
				INFOPLIST_FILE = iOS/Info.plist;
				IPHONEOS_DEPLOYMENT_TARGET = 14.0;
				LD_RUNPATH_SEARCH_PATHS = (
					"$(inherited)",
					"@executable_path/Frameworks",
				);
				PRODUCT_BUNDLE_IDENTIFIER = com.ishouldgotosleep.100daysSwiftUI.CupcakeCorner;
				PRODUCT_NAME = CupcakeCorner;
				SDKROOT = iphoneos;
				SWIFT_VERSION = 5.0;
				TARGETED_DEVICE_FAMILY = "1,2";
				VALIDATE_PRODUCT = YES;
			};
			name = Release;
		};
		5B8A569325A2010C00251AAC /* Debug */ = {
			isa = XCBuildConfiguration;
			buildSettings = {
				ASSETCATALOG_COMPILER_APPICON_NAME = AppIcon;
				ASSETCATALOG_COMPILER_GLOBAL_ACCENT_COLOR_NAME = AccentColor;
				CODE_SIGN_ENTITLEMENTS = macOS/macOS.entitlements;
				CODE_SIGN_STYLE = Automatic;
				COMBINE_HIDPI_IMAGES = YES;
				ENABLE_PREVIEWS = YES;
				INFOPLIST_FILE = macOS/Info.plist;
				LD_RUNPATH_SEARCH_PATHS = (
					"$(inherited)",
					"@executable_path/../Frameworks",
				);
				MACOSX_DEPLOYMENT_TARGET = 11.0;
				PRODUCT_BUNDLE_IDENTIFIER = com.ishouldgotosleep.100daysSwiftUI.CupcakeCorner;
				PRODUCT_NAME = CupcakeCorner;
				SDKROOT = macosx;
				SWIFT_VERSION = 5.0;
			};
			name = Debug;
		};
		5B8A569425A2010C00251AAC /* Release */ = {
			isa = XCBuildConfiguration;
			buildSettings = {
				ASSETCATALOG_COMPILER_APPICON_NAME = AppIcon;
				ASSETCATALOG_COMPILER_GLOBAL_ACCENT_COLOR_NAME = AccentColor;
				CODE_SIGN_ENTITLEMENTS = macOS/macOS.entitlements;
				CODE_SIGN_STYLE = Automatic;
				COMBINE_HIDPI_IMAGES = YES;
				ENABLE_PREVIEWS = YES;
				INFOPLIST_FILE = macOS/Info.plist;
				LD_RUNPATH_SEARCH_PATHS = (
					"$(inherited)",
					"@executable_path/../Frameworks",
				);
				MACOSX_DEPLOYMENT_TARGET = 11.0;
				PRODUCT_BUNDLE_IDENTIFIER = com.ishouldgotosleep.100daysSwiftUI.CupcakeCorner;
				PRODUCT_NAME = CupcakeCorner;
				SDKROOT = macosx;
				SWIFT_VERSION = 5.0;
			};
			name = Release;
		};
/* End XCBuildConfiguration section */

/* Begin XCConfigurationList section */
		5B8A567225A2010400251AAC /* Build configuration list for PBXProject "CupcakeCorner" */ = {
			isa = XCConfigurationList;
			buildConfigurations = (
				5B8A568D25A2010C00251AAC /* Debug */,
				5B8A568E25A2010C00251AAC /* Release */,
			);
			defaultConfigurationIsVisible = 0;
			defaultConfigurationName = Release;
		};
		5B8A568F25A2010C00251AAC /* Build configuration list for PBXNativeTarget "CupcakeCorner (iOS)" */ = {
			isa = XCConfigurationList;
			buildConfigurations = (
				5B8A569025A2010C00251AAC /* Debug */,
				5B8A569125A2010C00251AAC /* Release */,
			);
			defaultConfigurationIsVisible = 0;
			defaultConfigurationName = Release;
		};
		5B8A569225A2010C00251AAC /* Build configuration list for PBXNativeTarget "CupcakeCorner (macOS)" */ = {
			isa = XCConfigurationList;
			buildConfigurations = (
				5B8A569325A2010C00251AAC /* Debug */,
				5B8A569425A2010C00251AAC /* Release */,
			);
			defaultConfigurationIsVisible = 0;
			defaultConfigurationName = Release;
		};
/* End XCConfigurationList section */
	};
	rootObject = 5B8A566F25A2010400251AAC /* Project object */;
}
